
Microsoft Visual Studio Solution File, Format Version 12.00
# Visual Studio Version 17
VisualStudioVersion = 17.10.34607.79
MinimumVisualStudioVersion = 10.0.40219.1
Project("{FAE04EC0-301F-11D3-BF4B-00C04F79EFBC}") = "Collections Assignment", "Collections Assignment\Collections Assignment.csproj", "{876D4369-D06C-4F16-8156-560C57434D5C}"
EndProject
Global
	GlobalSection(SolutionConfigurationPlatforms) = preSolution
		Debug|Any CPU = Debug|Any CPU
		Release|Any CPU = Release|Any CPU
	EndGlobalSection
	GlobalSection(ProjectConfigurationPlatforms) = postSolution
		{876D4369-D06C-4F16-8156-560C57434D5C}.Debug|Any CPU.ActiveCfg = Debug|Any CPU
		{876D4369-D06C-4F16-8156-560C57434D5C}.Debug|Any CPU.Build.0 = Debug|Any CPU
		{876D4369-D06C-4F16-8156-560C57434D5C}.Release|Any CPU.ActiveCfg = Release|Any CPU
		{876D4369-D06C-4F16-8156-560C57434D5C}.Release|Any CPU.Build.0 = Release|Any CPU
	EndGlobalSection
	GlobalSection(SolutionProperties) = preSolution
		HideSolutionNode = FALSE
	EndGlobalSection
	GlobalSection(ExtensibilityGlobals) = postSolution
		SolutionGuid = {BC6DF07A-4907-4337-8C12-B53C112BE360}
	EndGlobalSection
EndGlobal
